
Microsoft Visual Studio Solution File, Format Version 12.00
# Visual Studio 14
VisualStudioVersion = 14.0.25123.0
MinimumVisualStudioVersion = 10.0.40219.1
Project("{FAE04EC0-301F-11D3-BF4B-00C04F79EFBC}") = "AndroidGui", "AndroidGui\AndroidGui.csproj", "{1A4BE556-3958-402C-BB3A-FC3CFFCC2F49}"
EndProject
Project("{FAE04EC0-301F-11D3-BF4B-00C04F79EFBC}") = "LabyrinthTests", "LabyrinthTests\LabyrinthTests.csproj", "{322E48DB-E2A5-4732-B1F6-08D9EF4DC3F8}"
EndProject
Project("{FAE04EC0-301F-11D3-BF4B-00C04F79EFBC}") = "LabyrinthEngine", "LabyrinthEngine\LabyrinthEngine.csproj", "{48CCC159-96B9-478C-BD15-ADA83AC296ED}"
EndProject
Project("{FAE04EC0-301F-11D3-BF4B-00C04F79EFBC}") = "FormsGui", "FormsGui\FormsGui.csproj", "{93E85B8E-7AA8-45A9-84B4-85BCB51D08DE}"
EndProject
Global
	GlobalSection(SolutionConfigurationPlatforms) = preSolution
		Debug|Any CPU = Debug|Any CPU
		Release|Any CPU = Release|Any CPU
	EndGlobalSection
	GlobalSection(ProjectConfigurationPlatforms) = postSolution
		{1A4BE556-3958-402C-BB3A-FC3CFFCC2F49}.Debug|Any CPU.ActiveCfg = Debug|Any CPU
		{1A4BE556-3958-402C-BB3A-FC3CFFCC2F49}.Debug|Any CPU.Build.0 = Debug|Any CPU
		{1A4BE556-3958-402C-BB3A-FC3CFFCC2F49}.Debug|Any CPU.Deploy.0 = Debug|Any CPU
		{1A4BE556-3958-402C-BB3A-FC3CFFCC2F49}.Release|Any CPU.ActiveCfg = Release|Any CPU
		{1A4BE556-3958-402C-BB3A-FC3CFFCC2F49}.Release|Any CPU.Build.0 = Release|Any CPU
		{1A4BE556-3958-402C-BB3A-FC3CFFCC2F49}.Release|Any CPU.Deploy.0 = Release|Any CPU
		{322E48DB-E2A5-4732-B1F6-08D9EF4DC3F8}.Debug|Any CPU.ActiveCfg = Debug|Any CPU
		{322E48DB-E2A5-4732-B1F6-08D9EF4DC3F8}.Debug|Any CPU.Build.0 = Debug|Any CPU
		{322E48DB-E2A5-4732-B1F6-08D9EF4DC3F8}.Release|Any CPU.ActiveCfg = Release|Any CPU
		{322E48DB-E2A5-4732-B1F6-08D9EF4DC3F8}.Release|Any CPU.Build.0 = Release|Any CPU
		{48CCC159-96B9-478C-BD15-ADA83AC296ED}.Debug|Any CPU.ActiveCfg = Debug|Any CPU
		{48CCC159-96B9-478C-BD15-ADA83AC296ED}.Debug|Any CPU.Build.0 = Debug|Any CPU
		{48CCC159-96B9-478C-BD15-ADA83AC296ED}.Release|Any CPU.ActiveCfg = Release|Any CPU
		{48CCC159-96B9-478C-BD15-ADA83AC296ED}.Release|Any CPU.Build.0 = Release|Any CPU
		{93E85B8E-7AA8-45A9-84B4-85BCB51D08DE}.Debug|Any CPU.ActiveCfg = Debug|Any CPU
		{93E85B8E-7AA8-45A9-84B4-85BCB51D08DE}.Debug|Any CPU.Build.0 = Debug|Any CPU
		{93E85B8E-7AA8-45A9-84B4-85BCB51D08DE}.Release|Any CPU.ActiveCfg = Release|Any CPU
		{93E85B8E-7AA8-45A9-84B4-85BCB51D08DE}.Release|Any CPU.Build.0 = Release|Any CPU
	EndGlobalSection
	GlobalSection(SolutionProperties) = preSolution
		HideSolutionNode = FALSE
	EndGlobalSection
EndGlobal
